
Microsoft Visual Studio Solution File, Format Version 12.00
# Visual Studio Version 17
VisualStudioVersion = 17.1.32328.378
MinimumVisualStudioVersion = 10.0.40219.1
Project("{FAE04EC0-301F-11D3-BF4B-00C04F79EFBC}") = "SMSconsoleApp", "SMSconsoleApp\SMSconsoleApp.csproj", "{3297F320-0BE6-4EF9-8BF4-4EA134695FAE}"
EndProject
Global
	GlobalSection(SolutionConfigurationPlatforms) = preSolution
		Debug|Any CPU = Debug|Any CPU
		Release|Any CPU = Release|Any CPU
	EndGlobalSection
	GlobalSection(ProjectConfigurationPlatforms) = postSolution
		{3297F320-0BE6-4EF9-8BF4-4EA134695FAE}.Debug|Any CPU.ActiveCfg = Debug|Any CPU
		{3297F320-0BE6-4EF9-8BF4-4EA134695FAE}.Debug|Any CPU.Build.0 = Debug|Any CPU
		{3297F320-0BE6-4EF9-8BF4-4EA134695FAE}.Release|Any CPU.ActiveCfg = Release|Any CPU
		{3297F320-0BE6-4EF9-8BF4-4EA134695FAE}.Release|Any CPU.Build.0 = Release|Any CPU
	EndGlobalSection
	GlobalSection(SolutionProperties) = preSolution
		HideSolutionNode = FALSE
	EndGlobalSection
	GlobalSection(ExtensibilityGlobals) = postSolution
		SolutionGuid = {C944FE6B-D35F-4B10-8EF2-C9BF6ED9EBE1}
	EndGlobalSection
EndGlobal
